// !$*UTF8*$!
{
	archiveVersion = 1;
	classes = {
	};
	objectVersion = 55;
	objects = {

/* Begin PBXBuildFile section */
		0567146F2804194800CFE6F6 /* MealDataModel.swift in Sources */ = {isa = PBXBuildFile; fileRef = 0567146E2804194800CFE6F6 /* MealDataModel.swift */; };
		5C384F7627FF30FF00F39120 /* NotifViewController.swift in Sources */ = {isa = PBXBuildFile; fileRef = 5C384F7527FF30FF00F39120 /* NotifViewController.swift */; };
		5CB9235127FC784500996390 /* AppDelegate.swift in Sources */ = {isa = PBXBuildFile; fileRef = 5CB9235027FC784500996390 /* AppDelegate.swift */; };
		5CB9235327FC784500996390 /* SceneDelegate.swift in Sources */ = {isa = PBXBuildFile; fileRef = 5CB9235227FC784500996390 /* SceneDelegate.swift */; };
		5CB9235527FC784500996390 /* SearchViewController.swift in Sources */ = {isa = PBXBuildFile; fileRef = 5CB9235427FC784500996390 /* SearchViewController.swift */; };
		5CB9235827FC784500996390 /* Main.storyboard in Resources */ = {isa = PBXBuildFile; fileRef = 5CB9235627FC784500996390 /* Main.storyboard */; };
		5CB9235A27FC784600996390 /* Assets.xcassets in Resources */ = {isa = PBXBuildFile; fileRef = 5CB9235927FC784600996390 /* Assets.xcassets */; };
		5CB9235D27FC784600996390 /* LaunchScreen.storyboard in Resources */ = {isa = PBXBuildFile; fileRef = 5CB9235B27FC784600996390 /* LaunchScreen.storyboard */; };
		5CB9236527FC855F00996390 /* MealViewController.swift in Sources */ = {isa = PBXBuildFile; fileRef = 5CB9236427FC855F00996390 /* MealViewController.swift */; };
		5CB9236927FC85D800996390 /* ProfileViewController.swift in Sources */ = {isa = PBXBuildFile; fileRef = 5CB9236827FC85D800996390 /* ProfileViewController.swift */; };
		5CC2F97C280477D800A4C4AB /* AutomatedPageViewController.swift in Sources */ = {isa = PBXBuildFile; fileRef = 5CC2F97B280477D800A4C4AB /* AutomatedPageViewController.swift */; };
		5CDF8B7B28015D370040D887 /* OnboardingPreparationViewController.swift in Sources */ = {isa = PBXBuildFile; fileRef = 5CDF8B7A28015D370040D887 /* OnboardingPreparationViewController.swift */; };
		5CDF8B8028015F330040D887 /* OnboardingLastViewController.swift in Sources */ = {isa = PBXBuildFile; fileRef = 5CDF8B7F28015F330040D887 /* OnboardingLastViewController.swift */; };
		5CDF8B8328016CC40040D887 /* RootPageViewController.swift in Sources */ = {isa = PBXBuildFile; fileRef = 5CDF8B8228016CC40040D887 /* RootPageViewController.swift */; };
		5CDF8B8528017C840040D887 /* FrequencyViewController.swift in Sources */ = {isa = PBXBuildFile; fileRef = 5CDF8B8428017C840040D887 /* FrequencyViewController.swift */; };
		5CE0453028057E4B0007DC01 /* AutomatedTableViewCell.swift in Sources */ = {isa = PBXBuildFile; fileRef = 5CE0452E28057E4B0007DC01 /* AutomatedTableViewCell.swift */; };
		5CE0453128057E4B0007DC01 /* AutomatedTableViewCell.xib in Resources */ = {isa = PBXBuildFile; fileRef = 5CE0452F28057E4B0007DC01 /* AutomatedTableViewCell.xib */; };
		5CFC9C4628003F9D00C16F22 /* OnboardingViewController.swift in Sources */ = {isa = PBXBuildFile; fileRef = 5CFC9C4528003F9D00C16F22 /* OnboardingViewController.swift */; };
		B540C42D280421ED008558E9 /* FoodDetails.swift in Sources */ = {isa = PBXBuildFile; fileRef = B540C42C280421ED008558E9 /* FoodDetails.swift */; };
/* End PBXBuildFile section */

/* Begin PBXFileReference section */
		0567146E2804194800CFE6F6 /* MealDataModel.swift */ = {isa = PBXFileReference; lastKnownFileType = sourcecode.swift; path = MealDataModel.swift; sourceTree = "<group>"; };
		5C384F7527FF30FF00F39120 /* NotifViewController.swift */ = {isa = PBXFileReference; lastKnownFileType = sourcecode.swift; path = NotifViewController.swift; sourceTree = "<group>"; };
		5CB9234D27FC784500996390 /* SearchPage.app */ = {isa = PBXFileReference; explicitFileType = wrapper.application; includeInIndex = 0; path = SearchPage.app; sourceTree = BUILT_PRODUCTS_DIR; };
		5CB9235027FC784500996390 /* AppDelegate.swift */ = {isa = PBXFileReference; lastKnownFileType = sourcecode.swift; path = AppDelegate.swift; sourceTree = "<group>"; };
		5CB9235227FC784500996390 /* SceneDelegate.swift */ = {isa = PBXFileReference; lastKnownFileType = sourcecode.swift; path = SceneDelegate.swift; sourceTree = "<group>"; };
		5CB9235427FC784500996390 /* SearchViewController.swift */ = {isa = PBXFileReference; lastKnownFileType = sourcecode.swift; path = SearchViewController.swift; sourceTree = "<group>"; };
		5CB9235727FC784500996390 /* Base */ = {isa = PBXFileReference; lastKnownFileType = file.storyboard; name = Base; path = Base.lproj/Main.storyboard; sourceTree = "<group>"; };
		5CB9235927FC784600996390 /* Assets.xcassets */ = {isa = PBXFileReference; lastKnownFileType = folder.assetcatalog; path = Assets.xcassets; sourceTree = "<group>"; };
		5CB9235C27FC784600996390 /* Base */ = {isa = PBXFileReference; lastKnownFileType = file.storyboard; name = Base; path = Base.lproj/LaunchScreen.storyboard; sourceTree = "<group>"; };
		5CB9235E27FC784600996390 /* Info.plist */ = {isa = PBXFileReference; lastKnownFileType = text.plist.xml; path = Info.plist; sourceTree = "<group>"; };
		5CB9236427FC855F00996390 /* MealViewController.swift */ = {isa = PBXFileReference; lastKnownFileType = sourcecode.swift; path = MealViewController.swift; sourceTree = "<group>"; };
		5CB9236827FC85D800996390 /* ProfileViewController.swift */ = {isa = PBXFileReference; lastKnownFileType = sourcecode.swift; path = ProfileViewController.swift; sourceTree = "<group>"; };
		5CC2F97B280477D800A4C4AB /* AutomatedPageViewController.swift */ = {isa = PBXFileReference; lastKnownFileType = sourcecode.swift; path = AutomatedPageViewController.swift; sourceTree = "<group>"; };
		5CDF8B7A28015D370040D887 /* OnboardingPreparationViewController.swift */ = {isa = PBXFileReference; lastKnownFileType = sourcecode.swift; path = OnboardingPreparationViewController.swift; sourceTree = "<group>"; };
		5CDF8B7F28015F330040D887 /* OnboardingLastViewController.swift */ = {isa = PBXFileReference; lastKnownFileType = sourcecode.swift; path = OnboardingLastViewController.swift; sourceTree = "<group>"; };
		5CDF8B8228016CC40040D887 /* RootPageViewController.swift */ = {isa = PBXFileReference; lastKnownFileType = sourcecode.swift; path = RootPageViewController.swift; sourceTree = "<group>"; };
		5CDF8B8428017C840040D887 /* FrequencyViewController.swift */ = {isa = PBXFileReference; lastKnownFileType = sourcecode.swift; path = FrequencyViewController.swift; sourceTree = "<group>"; };
		5CE0452E28057E4B0007DC01 /* AutomatedTableViewCell.swift */ = {isa = PBXFileReference; lastKnownFileType = sourcecode.swift; path = AutomatedTableViewCell.swift; sourceTree = "<group>"; };
		5CE0452F28057E4B0007DC01 /* AutomatedTableViewCell.xib */ = {isa = PBXFileReference; lastKnownFileType = file.xib; path = AutomatedTableViewCell.xib; sourceTree = "<group>"; };
		5CFC9C4528003F9D00C16F22 /* OnboardingViewController.swift */ = {isa = PBXFileReference; lastKnownFileType = sourcecode.swift; path = OnboardingViewController.swift; sourceTree = "<group>"; };
		B540C42C280421ED008558E9 /* FoodDetails.swift */ = {isa = PBXFileReference; lastKnownFileType = sourcecode.swift; path = FoodDetails.swift; sourceTree = "<group>"; };
/* End PBXFileReference section */

/* Begin PBXFrameworksBuildPhase section */
		5CB9234A27FC784500996390 /* Frameworks */ = {
			isa = PBXFrameworksBuildPhase;
			buildActionMask = 2147483647;
			files = (
			);
			runOnlyForDeploymentPostprocessing = 0;
		};
/* End PBXFrameworksBuildPhase section */

/* Begin PBXGroup section */
		5CB9234427FC784500996390 = {
			isa = PBXGroup;
			children = (
				5CB9234F27FC784500996390 /* SearchPage */,
				5CB9234E27FC784500996390 /* Products */,
			);
			sourceTree = "<group>";
		};
		5CB9234E27FC784500996390 /* Products */ = {
			isa = PBXGroup;
			children = (
				5CB9234D27FC784500996390 /* SearchPage.app */,
			);
			name = Products;
			sourceTree = "<group>";
		};
		5CB9234F27FC784500996390 /* SearchPage */ = {
			isa = PBXGroup;
			children = (
				5CC2F97A280476EF00A4C4AB /* Automated */,
				5CDF8B8128015F4F0040D887 /* Onboarding */,
				5CB9235027FC784500996390 /* AppDelegate.swift */,
				5CB9235227FC784500996390 /* SceneDelegate.swift */,
				5CB9235427FC784500996390 /* SearchViewController.swift */,
				5CB9236427FC855F00996390 /* MealViewController.swift */,
				5CB9236827FC85D800996390 /* ProfileViewController.swift */,
				5C384F7527FF30FF00F39120 /* NotifViewController.swift */,
				5CDF8B8228016CC40040D887 /* RootPageViewController.swift */,
				0567146E2804194800CFE6F6 /* MealDataModel.swift */,
				B540C42C280421ED008558E9 /* FoodDetails.swift */,
				5CB9235627FC784500996390 /* Main.storyboard */,
				5CB9235927FC784600996390 /* Assets.xcassets */,
				5CB9235B27FC784600996390 /* LaunchScreen.storyboard */,
				5CB9235E27FC784600996390 /* Info.plist */,
			);
			path = SearchPage;
			sourceTree = "<group>";
		};
		5CC2F97A280476EF00A4C4AB /* Automated */ = {
			isa = PBXGroup;
			children = (
				5CDF8B7A28015D370040D887 /* OnboardingPreparationViewController.swift */,
				5CC2F97B280477D800A4C4AB /* AutomatedPageViewController.swift */,
				5CE0452E28057E4B0007DC01 /* AutomatedTableViewCell.swift */,
				5CE0452F28057E4B0007DC01 /* AutomatedTableViewCell.xib */,
			);
			path = Automated;
			sourceTree = "<group>";
		};
		5CDF8B8128015F4F0040D887 /* Onboarding */ = {
			isa = PBXGroup;
			children = (
				5CDF8B7F28015F330040D887 /* OnboardingLastViewController.swift */,
				5CFC9C4528003F9D00C16F22 /* OnboardingViewController.swift */,
				5CDF8B8428017C840040D887 /* FrequencyViewController.swift */,
			);
			path = Onboarding;
			sourceTree = "<group>";
		};
/* End PBXGroup section */

/* Begin PBXNativeTarget section */
		5CB9234C27FC784500996390 /* SearchPage */ = {
			isa = PBXNativeTarget;
			buildConfigurationList = 5CB9236127FC784600996390 /* Build configuration list for PBXNativeTarget "SearchPage" */;
			buildPhases = (
				5CB9234927FC784500996390 /* Sources */,
				5CB9234A27FC784500996390 /* Frameworks */,
				5CB9234B27FC784500996390 /* Resources */,
			);
			buildRules = (
			);
			dependencies = (
			);
			name = SearchPage;
			productName = SearchPage;
			productReference = 5CB9234D27FC784500996390 /* SearchPage.app */;
			productType = "com.apple.product-type.application";
		};
/* End PBXNativeTarget section */

/* Begin PBXProject section */
		5CB9234527FC784500996390 /* Project object */ = {
			isa = PBXProject;
			attributes = {
				BuildIndependentTargetsInParallel = 1;
				LastSwiftUpdateCheck = 1330;
				LastUpgradeCheck = 1330;
				TargetAttributes = {
					5CB9234C27FC784500996390 = {
						CreatedOnToolsVersion = 13.3;
					};
				};
			};
			buildConfigurationList = 5CB9234827FC784500996390 /* Build configuration list for PBXProject "SearchPage" */;
			compatibilityVersion = "Xcode 13.0";
			developmentRegion = en;
			hasScannedForEncodings = 0;
			knownRegions = (
				en,
				Base,
			);
			mainGroup = 5CB9234427FC784500996390;
			productRefGroup = 5CB9234E27FC784500996390 /* Products */;
			projectDirPath = "";
			projectRoot = "";
			targets = (
				5CB9234C27FC784500996390 /* SearchPage */,
			);
		};
/* End PBXProject section */

/* Begin PBXResourcesBuildPhase section */
		5CB9234B27FC784500996390 /* Resources */ = {
			isa = PBXResourcesBuildPhase;
			buildActionMask = 2147483647;
			files = (
				5CB9235D27FC784600996390 /* LaunchScreen.storyboard in Resources */,
				5CB9235A27FC784600996390 /* Assets.xcassets in Resources */,
				5CE0453128057E4B0007DC01 /* AutomatedTableViewCell.xib in Resources */,
				5CB9235827FC784500996390 /* Main.storyboard in Resources */,
			);
			runOnlyForDeploymentPostprocessing = 0;
		};
/* End PBXResourcesBuildPhase section */

/* Begin PBXSourcesBuildPhase section */
		5CB9234927FC784500996390 /* Sources */ = {
			isa = PBXSourcesBuildPhase;
			buildActionMask = 2147483647;
			files = (
				0567146F2804194800CFE6F6 /* MealDataModel.swift in Sources */,
				5CB9235527FC784500996390 /* SearchViewController.swift in Sources */,
				5CC2F97C280477D800A4C4AB /* AutomatedPageViewController.swift in Sources */,
				5CB9236527FC855F00996390 /* MealViewController.swift in Sources */,
				5CDF8B8028015F330040D887 /* OnboardingLastViewController.swift in Sources */,
				5CFC9C4628003F9D00C16F22 /* OnboardingViewController.swift in Sources */,
				5CB9236927FC85D800996390 /* ProfileViewController.swift in Sources */,
				5CDF8B8528017C840040D887 /* FrequencyViewController.swift in Sources */,
				B540C42D280421ED008558E9 /* FoodDetails.swift in Sources */,
				5C384F7627FF30FF00F39120 /* NotifViewController.swift in Sources */,
				5CB9235127FC784500996390 /* AppDelegate.swift in Sources */,
				5CDF8B8328016CC40040D887 /* RootPageViewController.swift in Sources */,
				5CB9235327FC784500996390 /* SceneDelegate.swift in Sources */,
				5CE0453028057E4B0007DC01 /* AutomatedTableViewCell.swift in Sources */,
				5CDF8B7B28015D370040D887 /* OnboardingPreparationViewController.swift in Sources */,
			);
			runOnlyForDeploymentPostprocessing = 0;
		};
/* End PBXSourcesBuildPhase section */

/* Begin PBXVariantGroup section */
		5CB9235627FC784500996390 /* Main.storyboard */ = {
			isa = PBXVariantGroup;
			children = (
				5CB9235727FC784500996390 /* Base */,
			);
			name = Main.storyboard;
			sourceTree = "<group>";
		};
		5CB9235B27FC784600996390 /* LaunchScreen.storyboard */ = {
			isa = PBXVariantGroup;
			children = (
				5CB9235C27FC784600996390 /* Base */,
			);
			name = LaunchScreen.storyboard;
			sourceTree = "<group>";
		};
/* End PBXVariantGroup section */

/* Begin XCBuildConfiguration section */
		5CB9235F27FC784600996390 /* Debug */ = {
			isa = XCBuildConfiguration;
			buildSettings = {
				ALWAYS_SEARCH_USER_PATHS = NO;
				CLANG_ANALYZER_NONNULL = YES;
				CLANG_ANALYZER_NUMBER_OBJECT_CONVERSION = YES_AGGRESSIVE;
				CLANG_CXX_LANGUAGE_STANDARD = "gnu++17";
				CLANG_ENABLE_MODULES = YES;
				CLANG_ENABLE_OBJC_ARC = YES;
				CLANG_ENABLE_OBJC_WEAK = YES;
				CLANG_WARN_BLOCK_CAPTURE_AUTORELEASING = YES;
				CLANG_WARN_BOOL_CONVERSION = YES;
				CLANG_WARN_COMMA = YES;
				CLANG_WARN_CONSTANT_CONVERSION = YES;
				CLANG_WARN_DEPRECATED_OBJC_IMPLEMENTATIONS = YES;
				CLANG_WARN_DIRECT_OBJC_ISA_USAGE = YES_ERROR;
				CLANG_WARN_DOCUMENTATION_COMMENTS = YES;
				CLANG_WARN_EMPTY_BODY = YES;
				CLANG_WARN_ENUM_CONVERSION = YES;
				CLANG_WARN_INFINITE_RECURSION = YES;
				CLANG_WARN_INT_CONVERSION = YES;
				CLANG_WARN_NON_LITERAL_NULL_CONVERSION = YES;
				CLANG_WARN_OBJC_IMPLICIT_RETAIN_SELF = YES;
				CLANG_WARN_OBJC_LITERAL_CONVERSION = YES;
				CLANG_WARN_OBJC_ROOT_CLASS = YES_ERROR;
				CLANG_WARN_QUOTED_INCLUDE_IN_FRAMEWORK_HEADER = YES;
				CLANG_WARN_RANGE_LOOP_ANALYSIS = YES;
				CLANG_WARN_STRICT_PROTOTYPES = YES;
				CLANG_WARN_SUSPICIOUS_MOVE = YES;
				CLANG_WARN_UNGUARDED_AVAILABILITY = YES_AGGRESSIVE;
				CLANG_WARN_UNREACHABLE_CODE = YES;
				CLANG_WARN__DUPLICATE_METHOD_MATCH = YES;
				COPY_PHASE_STRIP = NO;
				DEBUG_INFORMATION_FORMAT = dwarf;
				ENABLE_STRICT_OBJC_MSGSEND = YES;
				ENABLE_TESTABILITY = YES;
				GCC_C_LANGUAGE_STANDARD = gnu11;
				GCC_DYNAMIC_NO_PIC = NO;
				GCC_NO_COMMON_BLOCKS = YES;
				GCC_OPTIMIZATION_LEVEL = 0;
				GCC_PREPROCESSOR_DEFINITIONS = (
					"DEBUG=1",
					"$(inherited)",
				);
				GCC_WARN_64_TO_32_BIT_CONVERSION = YES;
				GCC_WARN_ABOUT_RETURN_TYPE = YES_ERROR;
				GCC_WARN_UNDECLARED_SELECTOR = YES;
				GCC_WARN_UNINITIALIZED_AUTOS = YES_AGGRESSIVE;
				GCC_WARN_UNUSED_FUNCTION = YES;
				GCC_WARN_UNUSED_VARIABLE = YES;
				IPHONEOS_DEPLOYMENT_TARGET = 15.4;
				MTL_ENABLE_DEBUG_INFO = INCLUDE_SOURCE;
				MTL_FAST_MATH = YES;
				ONLY_ACTIVE_ARCH = YES;
				SDKROOT = iphoneos;
				SWIFT_ACTIVE_COMPILATION_CONDITIONS = DEBUG;
				SWIFT_OPTIMIZATION_LEVEL = "-Onone";
			};
			name = Debug;
		};
		5CB9236027FC784600996390 /* Release */ = {
			isa = XCBuildConfiguration;
			buildSettings = {
				ALWAYS_SEARCH_USER_PATHS = NO;
				CLANG_ANALYZER_NONNULL = YES;
				CLANG_ANALYZER_NUMBER_OBJECT_CONVERSION = YES_AGGRESSIVE;
				CLANG_CXX_LANGUAGE_STANDARD = "gnu++17";
				CLANG_ENABLE_MODULES = YES;
				CLANG_ENABLE_OBJC_ARC = YES;
				CLANG_ENABLE_OBJC_WEAK = YES;
				CLANG_WARN_BLOCK_CAPTURE_AUTORELEASING = YES;
				CLANG_WARN_BOOL_CONVERSION = YES;
				CLANG_WARN_COMMA = YES;
				CLANG_WARN_CONSTANT_CONVERSION = YES;
				CLANG_WARN_DEPRECATED_OBJC_IMPLEMENTATIONS = YES;
				CLANG_WARN_DIRECT_OBJC_ISA_USAGE = YES_ERROR;
				CLANG_WARN_DOCUMENTATION_COMMENTS = YES;
				CLANG_WARN_EMPTY_BODY = YES;
				CLANG_WARN_ENUM_CONVERSION = YES;
				CLANG_WARN_INFINITE_RECURSION = YES;
				CLANG_WARN_INT_CONVERSION = YES;
				CLANG_WARN_NON_LITERAL_NULL_CONVERSION = YES;
				CLANG_WARN_OBJC_IMPLICIT_RETAIN_SELF = YES;
				CLANG_WARN_OBJC_LITERAL_CONVERSION = YES;
				CLANG_WARN_OBJC_ROOT_CLASS = YES_ERROR;
				CLANG_WARN_QUOTED_INCLUDE_IN_FRAMEWORK_HEADER = YES;
				CLANG_WARN_RANGE_LOOP_ANALYSIS = YES;
				CLANG_WARN_STRICT_PROTOTYPES = YES;
				CLANG_WARN_SUSPICIOUS_MOVE = YES;
				CLANG_WARN_UNGUARDED_AVAILABILITY = YES_AGGRESSIVE;
				CLANG_WARN_UNREACHABLE_CODE = YES;
				CLANG_WARN__DUPLICATE_METHOD_MATCH = YES;
				COPY_PHASE_STRIP = NO;
				DEBUG_INFORMATION_FORMAT = "dwarf-with-dsym";
				ENABLE_NS_ASSERTIONS = NO;
				ENABLE_STRICT_OBJC_MSGSEND = YES;
				GCC_C_LANGUAGE_STANDARD = gnu11;
				GCC_NO_COMMON_BLOCKS = YES;
				GCC_WARN_64_TO_32_BIT_CONVERSION = YES;
				GCC_WARN_ABOUT_RETURN_TYPE = YES_ERROR;
				GCC_WARN_UNDECLARED_SELECTOR = YES;
				GCC_WARN_UNINITIALIZED_AUTOS = YES_AGGRESSIVE;
				GCC_WARN_UNUSED_FUNCTION = YES;
				GCC_WARN_UNUSED_VARIABLE = YES;
				IPHONEOS_DEPLOYMENT_TARGET = 15.4;
				MTL_ENABLE_DEBUG_INFO = NO;
				MTL_FAST_MATH = YES;
				SDKROOT = iphoneos;
				SWIFT_COMPILATION_MODE = wholemodule;
				SWIFT_OPTIMIZATION_LEVEL = "-O";
				VALIDATE_PRODUCT = YES;
			};
			name = Release;
		};
		5CB9236227FC784600996390 /* Debug */ = {
			isa = XCBuildConfiguration;
			buildSettings = {
				ASSETCATALOG_COMPILER_APPICON_NAME = AppIcon;
				ASSETCATALOG_COMPILER_GLOBAL_ACCENT_COLOR_NAME = AccentColor;
				CODE_SIGN_STYLE = Automatic;
				CURRENT_PROJECT_VERSION = 1;
				DEVELOPMENT_TEAM = JJ9DN4FZJC;
				GENERATE_INFOPLIST_FILE = YES;
				INFOPLIST_FILE = SearchPage/Info.plist;
				INFOPLIST_KEY_UIApplicationSupportsIndirectInputEvents = YES;
				INFOPLIST_KEY_UILaunchStoryboardName = LaunchScreen;
				INFOPLIST_KEY_UIMainStoryboardFile = Main;
				INFOPLIST_KEY_UISupportedInterfaceOrientations_iPad = "UIInterfaceOrientationPortrait UIInterfaceOrientationPortraitUpsideDown UIInterfaceOrientationLandscapeLeft UIInterfaceOrientationLandscapeRight";
				INFOPLIST_KEY_UISupportedInterfaceOrientations_iPhone = "UIInterfaceOrientationPortrait UIInterfaceOrientationLandscapeLeft UIInterfaceOrientationLandscapeRight";
				LD_RUNPATH_SEARCH_PATHS = (
					"$(inherited)",
					"@executable_path/Frameworks",
				);
				MARKETING_VERSION = 1.0;
				PRODUCT_BUNDLE_IDENTIFIER = ADA.SearchPage;
				PRODUCT_NAME = "$(TARGET_NAME)";
				SWIFT_EMIT_LOC_STRINGS = YES;
				SWIFT_VERSION = 5.0;
				TARGETED_DEVICE_FAMILY = "1,2";
			};
			name = Debug;
		};
		5CB9236327FC784600996390 /* Release */ = {
			isa = XCBuildConfiguration;
			buildSettings = {
				ASSETCATALOG_COMPILER_APPICON_NAME = AppIcon;
				ASSETCATALOG_COMPILER_GLOBAL_ACCENT_COLOR_NAME = AccentColor;
				CODE_SIGN_STYLE = Automatic;
				CURRENT_PROJECT_VERSION = 1;
				DEVELOPMENT_TEAM = JJ9DN4FZJC;
				GENERATE_INFOPLIST_FILE = YES;
				INFOPLIST_FILE = SearchPage/Info.plist;
				INFOPLIST_KEY_UIApplicationSupportsIndirectInputEvents = YES;
				INFOPLIST_KEY_UILaunchStoryboardName = LaunchScreen;
				INFOPLIST_KEY_UIMainStoryboardFile = Main;
				INFOPLIST_KEY_UISupportedInterfaceOrientations_iPad = "UIInterfaceOrientationPortrait UIInterfaceOrientationPortraitUpsideDown UIInterfaceOrientationLandscapeLeft UIInterfaceOrientationLandscapeRight";
				INFOPLIST_KEY_UISupportedInterfaceOrientations_iPhone = "UIInterfaceOrientationPortrait UIInterfaceOrientationLandscapeLeft UIInterfaceOrientationLandscapeRight";
				LD_RUNPATH_SEARCH_PATHS = (
					"$(inherited)",
					"@executable_path/Frameworks",
				);
				MARKETING_VERSION = 1.0;
				PRODUCT_BUNDLE_IDENTIFIER = ADA.SearchPage;
				PRODUCT_NAME = "$(TARGET_NAME)";
				SWIFT_EMIT_LOC_STRINGS = YES;
				SWIFT_VERSION = 5.0;
				TARGETED_DEVICE_FAMILY = "1,2";
			};
			name = Release;
		};
/* End XCBuildConfiguration section */

/* Begin XCConfigurationList section */
		5CB9234827FC784500996390 /* Build configuration list for PBXProject "SearchPage" */ = {
			isa = XCConfigurationList;
			buildConfigurations = (
				5CB9235F27FC784600996390 /* Debug */,
				5CB9236027FC784600996390 /* Release */,
			);
			defaultConfigurationIsVisible = 0;
			defaultConfigurationName = Release;
		};
		5CB9236127FC784600996390 /* Build configuration list for PBXNativeTarget "SearchPage" */ = {
			isa = XCConfigurationList;
			buildConfigurations = (
				5CB9236227FC784600996390 /* Debug */,
				5CB9236327FC784600996390 /* Release */,
			);
			defaultConfigurationIsVisible = 0;
			defaultConfigurationName = Release;
		};
/* End XCConfigurationList section */
	};
	rootObject = 5CB9234527FC784500996390 /* Project object */;
}
